
Microsoft Visual Studio Solution File, Format Version 12.00
# Visual Studio Version 16
VisualStudioVersion = 16.0.29306.81
MinimumVisualStudioVersion = 10.0.40219.1
Project("{FAE04EC0-301F-11D3-BF4B-00C04F79EFBC}") = "WebApi.Core", "WebApi.Core\WebApi.Core.csproj", "{A97E9C87-F459-4383-800A-2A06353EAA60}"
EndProject
Global
	GlobalSection(SolutionConfigurationPlatforms) = preSolution
		Debug|Any CPU = Debug|Any CPU
		Release|Any CPU = Release|Any CPU
	EndGlobalSection
	GlobalSection(ProjectConfigurationPlatforms) = postSolution
		{A97E9C87-F459-4383-800A-2A06353EAA60}.Debug|Any CPU.ActiveCfg = Debug|Any CPU
		{A97E9C87-F459-4383-800A-2A06353EAA60}.Debug|Any CPU.Build.0 = Debug|Any CPU
		{A97E9C87-F459-4383-800A-2A06353EAA60}.Release|Any CPU.ActiveCfg = Release|Any CPU
		{A97E9C87-F459-4383-800A-2A06353EAA60}.Release|Any CPU.Build.0 = Release|Any CPU
	EndGlobalSection
	GlobalSection(SolutionProperties) = preSolution
		HideSolutionNode = FALSE
	EndGlobalSection
	GlobalSection(ExtensibilityGlobals) = postSolution
		SolutionGuid = {DF2071A8-5FA3-4E7F-9069-FE30A4F25E3A}
	EndGlobalSection
EndGlobal
